// !$*UTF8*$!
{
	archiveVersion = 1;
	classes = {
	};
	objectVersion = 46;
	objects = {

/* Begin PBXBuildFile section */
		26F7340C1DC55147007183FF /* StickerPackExtension.appex in Embed App Extensions */ = {isa = PBXBuildFile; fileRef = 26F7340B1DC55147007183FF /* StickerPackExtension.appex */; settings = {ATTRIBUTES = (RemoveHeadersOnCopy, ); }; };
		26F734101DC55147007183FF /* Stickers.xcstickers in Resources */ = {isa = PBXBuildFile; fileRef = 26F7340F1DC55147007183FF /* Stickers.xcstickers */; };
		26F734111DC55147007183FF /* Stickers.xcstickers in Resources */ = {isa = PBXBuildFile; fileRef = 26F7340F1DC55147007183FF /* Stickers.xcstickers */; };
/* End PBXBuildFile section */

/* Begin PBXContainerItemProxy section */
		26F7340D1DC55147007183FF /* PBXContainerItemProxy */ = {
			isa = PBXContainerItemProxy;
			containerPortal = 26F734011DC55147007183FF /* Project object */;
			proxyType = 1;
			remoteGlobalIDString = 26F7340A1DC55147007183FF;
			remoteInfo = StickerPackExtension;
		};
/* End PBXContainerItemProxy section */

/* Begin PBXCopyFilesBuildPhase section */
		26F734171DC55147007183FF /* Embed App Extensions */ = {
			isa = PBXCopyFilesBuildPhase;
			buildActionMask = 2147483647;
			dstPath = "";
			dstSubfolderSpec = 13;
			files = (
				26F7340C1DC55147007183FF /* StickerPackExtension.appex in Embed App Extensions */,
			);
			name = "Embed App Extensions";
			runOnlyForDeploymentPostprocessing = 0;
		};
/* End PBXCopyFilesBuildPhase section */

/* Begin PBXFileReference section */
		26F734071DC55147007183FF /* Creatures are Friends Sticker Pack.app */ = {isa = PBXFileReference; explicitFileType = wrapper.application; includeInIndex = 0; path = "Creatures are Friends Sticker Pack.app"; sourceTree = BUILT_PRODUCTS_DIR; };
		26F7340B1DC55147007183FF /* StickerPackExtension.appex */ = {isa = PBXFileReference; explicitFileType = "wrapper.app-extension"; includeInIndex = 0; path = StickerPackExtension.appex; sourceTree = BUILT_PRODUCTS_DIR; };
		26F7340F1DC55147007183FF /* Stickers.xcstickers */ = {isa = PBXFileReference; lastKnownFileType = folder.stickers; name = Stickers.xcstickers; path = StickerPackExtension/Stickers.xcstickers; sourceTree = "<group>"; };
/* End PBXFileReference section */

/* Begin PBXGroup section */
		26F734001DC55147007183FF = {
			isa = PBXGroup;
			children = (
				26F7340F1DC55147007183FF /* Stickers.xcstickers */,
				26F734081DC55147007183FF /* Products */,
			);
			sourceTree = "<group>";
		};
		26F734081DC55147007183FF /* Products */ = {
			isa = PBXGroup;
			children = (
				26F734071DC55147007183FF /* Creatures are Friends Sticker Pack.app */,
				26F7340B1DC55147007183FF /* StickerPackExtension.appex */,
			);
			name = Products;
			sourceTree = "<group>";
		};
/* End PBXGroup section */

/* Begin PBXNativeTarget section */
		26F734061DC55147007183FF /* Creatures are Friends Sticker Pack */ = {
			isa = PBXNativeTarget;
			buildConfigurationList = 26F734181DC55147007183FF /* Build configuration list for PBXNativeTarget "Creatures are Friends Sticker Pack" */;
			buildPhases = (
				26F734051DC55147007183FF /* Resources */,
				26F734171DC55147007183FF /* Embed App Extensions */,
			);
			buildRules = (
			);
			dependencies = (
				26F7340E1DC55147007183FF /* PBXTargetDependency */,
			);
			name = "Creatures are Friends Sticker Pack";
			productName = "Creatures are Friends";
			productReference = 26F734071DC55147007183FF /* Creatures are Friends Sticker Pack.app */;
			productType = "com.apple.product-type.application.messages";
		};
		26F7340A1DC55147007183FF /* StickerPackExtension */ = {
			isa = PBXNativeTarget;
			buildConfigurationList = 26F734141DC55147007183FF /* Build configuration list for PBXNativeTarget "StickerPackExtension" */;
			buildPhases = (
				26F734091DC55147007183FF /* Resources */,
			);
			buildRules = (
			);
			dependencies = (
			);
			name = StickerPackExtension;
			productName = StickerPackExtension;
			productReference = 26F7340B1DC55147007183FF /* StickerPackExtension.appex */;
			productType = "com.apple.product-type.app-extension.messages-sticker-pack";
		};
/* End PBXNativeTarget section */

/* Begin PBXProject section */
		26F734011DC55147007183FF /* Project object */ = {
			isa = PBXProject;
			attributes = {
				LastUpgradeCheck = 0830;
				ORGANIZATIONNAME = "Sarah Kuehnle";
				TargetAttributes = {
					26F734061DC55147007183FF = {
						CreatedOnToolsVersion = 8.1;
						DevelopmentTeam = T78A779R7G;
						ProvisioningStyle = Automatic;
					};
					26F7340A1DC55147007183FF = {
						CreatedOnToolsVersion = 8.1;
						DevelopmentTeam = T78A779R7G;
						ProvisioningStyle = Automatic;
					};
				};
			};
			buildConfigurationList = 26F734041DC55147007183FF /* Build configuration list for PBXProject "Creatures are Friends Sticker Pack" */;
			compatibilityVersion = "Xcode 3.2";
			developmentRegion = English;
			hasScannedForEncodings = 0;
			knownRegions = (
				en,
			);
			mainGroup = 26F734001DC55147007183FF;
			productRefGroup = 26F734081DC55147007183FF /* Products */;
			projectDirPath = "";
			projectRoot = "";
			targets = (
				26F734061DC55147007183FF /* Creatures are Friends Sticker Pack */,
				26F7340A1DC55147007183FF /* StickerPackExtension */,
			);
		};
/* End PBXProject section */

/* Begin PBXResourcesBuildPhase section */
		26F734051DC55147007183FF /* Resources */ = {
			isa = PBXResourcesBuildPhase;
			buildActionMask = 2147483647;
			files = (
				26F734111DC55147007183FF /* Stickers.xcstickers in Resources */,
			);
			runOnlyForDeploymentPostprocessing = 0;
		};
		26F734091DC55147007183FF /* Resources */ = {
			isa = PBXResourcesBuildPhase;
			buildActionMask = 2147483647;
			files = (
				26F734101DC55147007183FF /* Stickers.xcstickers in Resources */,
			);
			runOnlyForDeploymentPostprocessing = 0;
		};
/* End PBXResourcesBuildPhase section */

/* Begin PBXTargetDependency section */
		26F7340E1DC55147007183FF /* PBXTargetDependency */ = {
			isa = PBXTargetDependency;
			target = 26F7340A1DC55147007183FF /* StickerPackExtension */;
			targetProxy = 26F7340D1DC55147007183FF /* PBXContainerItemProxy */;
		};
/* End PBXTargetDependency section */

/* Begin XCBuildConfiguration section */
		26F734121DC55147007183FF /* Debug */ = {
			isa = XCBuildConfiguration;
			buildSettings = {
				ALWAYS_SEARCH_USER_PATHS = NO;
				CLANG_ANALYZER_NONNULL = YES;
				CLANG_CXX_LANGUAGE_STANDARD = "gnu++0x";
				CLANG_CXX_LIBRARY = "libc++";
				CLANG_ENABLE_MODULES = YES;
				CLANG_ENABLE_OBJC_ARC = YES;
				CLANG_WARN_BOOL_CONVERSION = YES;
				CLANG_WARN_CONSTANT_CONVERSION = YES;
				CLANG_WARN_DIRECT_OBJC_ISA_USAGE = YES_ERROR;
				CLANG_WARN_DOCUMENTATION_COMMENTS = YES;
				CLANG_WARN_EMPTY_BODY = YES;
				CLANG_WARN_ENUM_CONVERSION = YES;
				CLANG_WARN_INFINITE_RECURSION = YES;
				CLANG_WARN_INT_CONVERSION = YES;
				CLANG_WARN_OBJC_ROOT_CLASS = YES_ERROR;
				CLANG_WARN_SUSPICIOUS_MOVE = YES;
				CLANG_WARN_SUSPICIOUS_MOVES = YES;
				CLANG_WARN_UNREACHABLE_CODE = YES;
				CLANG_WARN__DUPLICATE_METHOD_MATCH = YES;
				"CODE_SIGN_IDENTITY[sdk=iphoneos*]" = "iPhone Developer";
				COPY_PHASE_STRIP = NO;
				DEBUG_INFORMATION_FORMAT = dwarf;
				ENABLE_STRICT_OBJC_MSGSEND = YES;
				ENABLE_TESTABILITY = YES;
				GCC_C_LANGUAGE_STANDARD = gnu99;
				GCC_DYNAMIC_NO_PIC = NO;
				GCC_NO_COMMON_BLOCKS = YES;
				GCC_OPTIMIZATION_LEVEL = 0;
				GCC_PREPROCESSOR_DEFINITIONS = (
					"DEBUG=1",
					"$(inherited)",
				);
				GCC_WARN_64_TO_32_BIT_CONVERSION = YES;
				GCC_WARN_ABOUT_RETURN_TYPE = YES_ERROR;
				GCC_WARN_UNDECLARED_SELECTOR = YES;
				GCC_WARN_UNINITIALIZED_AUTOS = YES_AGGRESSIVE;
				GCC_WARN_UNUSED_FUNCTION = YES;
				GCC_WARN_UNUSED_VARIABLE = YES;
				IPHONEOS_DEPLOYMENT_TARGET = 10.1;
				MTL_ENABLE_DEBUG_INFO = YES;
				ONLY_ACTIVE_ARCH = YES;
				SDKROOT = iphoneos;
				TARGETED_DEVICE_FAMILY = "1,2";
			};
			name = Debug;
		};
		26F734131DC55147007183FF /* Release */ = {
			isa = XCBuildConfiguration;
			buildSettings = {
				ALWAYS_SEARCH_USER_PATHS = NO;
				CLANG_ANALYZER_NONNULL = YES;
				CLANG_CXX_LANGUAGE_STANDARD = "gnu++0x";
				CLANG_CXX_LIBRARY = "libc++";
				CLANG_ENABLE_MODULES = YES;
				CLANG_ENABLE_OBJC_ARC = YES;
				CLANG_WARN_BOOL_CONVERSION = YES;
				CLANG_WARN_CONSTANT_CONVERSION = YES;
				CLANG_WARN_DIRECT_OBJC_ISA_USAGE = YES_ERROR;
				CLANG_WARN_DOCUMENTATION_COMMENTS = YES;
				CLANG_WARN_EMPTY_BODY = YES;
				CLANG_WARN_ENUM_CONVERSION = YES;
				CLANG_WARN_INFINITE_RECURSION = YES;
				CLANG_WARN_INT_CONVERSION = YES;
				CLANG_WARN_OBJC_ROOT_CLASS = YES_ERROR;
				CLANG_WARN_SUSPICIOUS_MOVE = YES;
				CLANG_WARN_SUSPICIOUS_MOVES = YES;
				CLANG_WARN_UNREACHABLE_CODE = YES;
				CLANG_WARN__DUPLICATE_METHOD_MATCH = YES;
				"CODE_SIGN_IDENTITY[sdk=iphoneos*]" = "iPhone Developer";
				COPY_PHASE_STRIP = NO;
				DEBUG_INFORMATION_FORMAT = "dwarf-with-dsym";
				ENABLE_NS_ASSERTIONS = NO;
				ENABLE_STRICT_OBJC_MSGSEND = YES;
				GCC_C_LANGUAGE_STANDARD = gnu99;
				GCC_NO_COMMON_BLOCKS = YES;
				GCC_WARN_64_TO_32_BIT_CONVERSION = YES;
				GCC_WARN_ABOUT_RETURN_TYPE = YES_ERROR;
				GCC_WARN_UNDECLARED_SELECTOR = YES;
				GCC_WARN_UNINITIALIZED_AUTOS = YES_AGGRESSIVE;
				GCC_WARN_UNUSED_FUNCTION = YES;
				GCC_WARN_UNUSED_VARIABLE = YES;
				IPHONEOS_DEPLOYMENT_TARGET = 10.1;
				MTL_ENABLE_DEBUG_INFO = NO;
				SDKROOT = iphoneos;
				TARGETED_DEVICE_FAMILY = "1,2";
				VALIDATE_PRODUCT = YES;
			};
			name = Release;
		};
		26F734151DC55147007183FF /* Debug */ = {
			isa = XCBuildConfiguration;
			buildSettings = {
				ASSETCATALOG_COMPILER_APPICON_NAME = "iMessage App Icon";
				DEVELOPMENT_TEAM = T78A779R7G;
				INFOPLIST_FILE = StickerPackExtension/Info.plist;
				PRODUCT_BUNDLE_IDENTIFIER = "com.sooperduper.Creatures-are-Friends.StickerPackExtension";
				PRODUCT_NAME = "$(TARGET_NAME)";
				SKIP_INSTALL = YES;
			};
			name = Debug;
		};
		26F734161DC55147007183FF /* Release */ = {
			isa = XCBuildConfiguration;
			buildSettings = {
				ASSETCATALOG_COMPILER_APPICON_NAME = "iMessage App Icon";
				DEVELOPMENT_TEAM = T78A779R7G;
				INFOPLIST_FILE = StickerPackExtension/Info.plist;
				PRODUCT_BUNDLE_IDENTIFIER = "com.sooperduper.Creatures-are-Friends.StickerPackExtension";
				PRODUCT_NAME = "$(TARGET_NAME)";
				SKIP_INSTALL = YES;
			};
			name = Release;
		};
		26F734191DC55147007183FF /* Debug */ = {
			isa = XCBuildConfiguration;
			buildSettings = {
				ASSETCATALOG_COMPILER_APPICON_NAME = "iMessage App Icon";
				DEVELOPMENT_TEAM = T78A779R7G;
				INFOPLIST_FILE = "Creatures are Friends/Info.plist";
				PRODUCT_BUNDLE_IDENTIFIER = "com.sooperduper.Creatures-are-Friends";
				PRODUCT_NAME = "$(TARGET_NAME)";
			};
			name = Debug;
		};
		26F7341A1DC55147007183FF /* Release */ = {
			isa = XCBuildConfiguration;
			buildSettings = {
				ASSETCATALOG_COMPILER_APPICON_NAME = "iMessage App Icon";
				DEVELOPMENT_TEAM = T78A779R7G;
				INFOPLIST_FILE = "Creatures are Friends/Info.plist";
				PRODUCT_BUNDLE_IDENTIFIER = "com.sooperduper.Creatures-are-Friends";
				PRODUCT_NAME = "$(TARGET_NAME)";
			};
			name = Release;
		};
/* End XCBuildConfiguration section */

/* Begin XCConfigurationList section */
		26F734041DC55147007183FF /* Build configuration list for PBXProject "Creatures are Friends Sticker Pack" */ = {
			isa = XCConfigurationList;
			buildConfigurations = (
				26F734121DC55147007183FF /* Debug */,
				26F734131DC55147007183FF /* Release */,
			);
			defaultConfigurationIsVisible = 0;
			defaultConfigurationName = Release;
		};
		26F734141DC55147007183FF /* Build configuration list for PBXNativeTarget "StickerPackExtension" */ = {
			isa = XCConfigurationList;
			buildConfigurations = (
				26F734151DC55147007183FF /* Debug */,
				26F734161DC55147007183FF /* Release */,
			);
			defaultConfigurationIsVisible = 0;
			defaultConfigurationName = Release;
		};
		26F734181DC55147007183FF /* Build configuration list for PBXNativeTarget "Creatures are Friends Sticker Pack" */ = {
			isa = XCConfigurationList;
			buildConfigurations = (
				26F734191DC55147007183FF /* Debug */,
				26F7341A1DC55147007183FF /* Release */,
			);
			defaultConfigurationIsVisible = 0;
			defaultConfigurationName = Release;
		};
/* End XCConfigurationList section */
	};
	rootObject = 26F734011DC55147007183FF /* Project object */;
}
